# This file is generated by running "yarn install" inside your project.
# Manual changes might be lost - proceed with caution!

__metadata:
  version: 4
  cacheKey: 7

"@casado/yarn-bug@workspace:.":
  version: 0.0.0-use.local
  resolution: "@casado/yarn-bug@workspace:."
  dependencies:
    typescript: ^4.0.3
  languageName: unknown
  linkType: soft

typescript@^4.0.3:
  version: 4.0.3
  resolution: "typescript@npm:4.0.3"
  bin:
    tsc: bin/tsc
    tsserver: bin/tsserver
  checksum: 5c892e132756a83d22030d7fb38be47cde27613f71d233dbe7faf79e4a92852c5146bfddcaf8c2da1a37d35ae8bf7b8c888fdcd763d5ad184cea6b21e7466838
  languageName: node
  linkType: hard

"typescript@patch:typescript@^4.0.3#builtin<compat/typescript>":
  version: 4.0.3
  resolution: "typescript@patch:typescript@npm%3A4.0.3#builtin<compat/typescript>::version=4.0.3&hash=a45b0e"
  bin:
    tsc: bin/tsc
    tsserver: bin/tsserver
  checksum: 50be92a771498a19e65dc7f80cc6ff754cb91f44e59b197f6dfd5bb47371c313e7af830cbcd1cd2fa0d104b6ba6a11aabcd7a6fd705091c4758ea11aaae39345
  languageName: node
  linkType: hard
